// !$*UTF8*$!
{
	archiveVersion = 1;
	classes = {
	};
	objectVersion = 77;
	objects = {

/* Begin PBXContainerItemProxy section */
		5A19E87D2D612C9300ED767F /* PBXContainerItemProxy */ = {
			isa = PBXContainerItemProxy;
			containerPortal = 5A19E8642D612C8E00ED767F /* Project object */;
			proxyType = 1;
			remoteGlobalIDString = 5A19E86B2D612C8E00ED767F;
			remoteInfo = AlergyScanner;
		};
		5A19E8872D612C9300ED767F /* PBXContainerItemProxy */ = {
			isa = PBXContainerItemProxy;
			containerPortal = 5A19E8642D612C8E00ED767F /* Project object */;
			proxyType = 1;
			remoteGlobalIDString = 5A19E86B2D612C8E00ED767F;
			remoteInfo = AlergyScanner;
		};
/* End PBXContainerItemProxy section */

/* Begin PBXFileReference section */
		5A19E86C2D612C8F00ED767F /* AlergyScanner.app */ = {isa = PBXFileReference; explicitFileType = wrapper.application; includeInIndex = 0; path = AlergyScanner.app; sourceTree = BUILT_PRODUCTS_DIR; };
		5A19E87C2D612C9300ED767F /* AlergyScannerTests.xctest */ = {isa = PBXFileReference; explicitFileType = wrapper.cfbundle; includeInIndex = 0; path = AlergyScannerTests.xctest; sourceTree = BUILT_PRODUCTS_DIR; };
		5A19E8862D612C9300ED767F /* AlergyScannerUITests.xctest */ = {isa = PBXFileReference; explicitFileType = wrapper.cfbundle; includeInIndex = 0; path = AlergyScannerUITests.xctest; sourceTree = BUILT_PRODUCTS_DIR; };
/* End PBXFileReference section */

/* Begin PBXFileSystemSynchronizedRootGroup section */
		5A19E86E2D612C8F00ED767F /* AlergyScanner */ = {
			isa = PBXFileSystemSynchronizedRootGroup;
			path = AlergyScanner;
			sourceTree = "<group>";
		};
		5A19E87F2D612C9300ED767F /* AlergyScannerTests */ = {
			isa = PBXFileSystemSynchronizedRootGroup;
			path = AlergyScannerTests;
			sourceTree = "<group>";
		};
		5A19E8892D612C9300ED767F /* AlergyScannerUITests */ = {
			isa = PBXFileSystemSynchronizedRootGroup;
			path = AlergyScannerUITests;
			sourceTree = "<group>";
		};
/* End PBXFileSystemSynchronizedRootGroup section */

/* Begin PBXFrameworksBuildPhase section */
		5A19E8692D612C8E00ED767F /* Frameworks */ = {
			isa = PBXFrameworksBuildPhase;
			buildActionMask = 2147483647;
			files = (
			);
			runOnlyForDeploymentPostprocessing = 0;
		};
		5A19E8792D612C9300ED767F /* Frameworks */ = {
			isa = PBXFrameworksBuildPhase;
			buildActionMask = 2147483647;
			files = (
			);
			runOnlyForDeploymentPostprocessing = 0;
		};
		5A19E8832D612C9300ED767F /* Frameworks */ = {
			isa = PBXFrameworksBuildPhase;
			buildActionMask = 2147483647;
			files = (
			);
			runOnlyForDeploymentPostprocessing = 0;
		};
/* End PBXFrameworksBuildPhase section */

/* Begin PBXGroup section */
		5A19E8632D612C8E00ED767F = {
			isa = PBXGroup;
			children = (
				5A19E86E2D612C8F00ED767F /* AlergyScanner */,
				5A19E87F2D612C9300ED767F /* AlergyScannerTests */,
				5A19E8892D612C9300ED767F /* AlergyScannerUITests */,
				5A19E86D2D612C8F00ED767F /* Products */,
			);
			sourceTree = "<group>";
		};
		5A19E86D2D612C8F00ED767F /* Products */ = {
			isa = PBXGroup;
			children = (
				5A19E86C2D612C8F00ED767F /* AlergyScanner.app */,
				5A19E87C2D612C9300ED767F /* AlergyScannerTests.xctest */,
				5A19E8862D612C9300ED767F /* AlergyScannerUITests.xctest */,
			);
			name = Products;
			sourceTree = "<group>";
		};
/* End PBXGroup section */

/* Begin PBXNativeTarget section */
		5A19E86B2D612C8E00ED767F /* AlergyScanner */ = {
			isa = PBXNativeTarget;
			buildConfigurationList = 5A19E8902D612C9300ED767F /* Build configuration list for PBXNativeTarget "AlergyScanner" */;
			buildPhases = (
				5A19E8682D612C8E00ED767F /* Sources */,
				5A19E8692D612C8E00ED767F /* Frameworks */,
				5A19E86A2D612C8E00ED767F /* Resources */,
			);
			buildRules = (
			);
			dependencies = (
			);
			fileSystemSynchronizedGroups = (
				5A19E86E2D612C8F00ED767F /* AlergyScanner */,
			);
			name = AlergyScanner;
			packageProductDependencies = (
			);
			productName = AlergyScanner;
			productReference = 5A19E86C2D612C8F00ED767F /* AlergyScanner.app */;
			productType = "com.apple.product-type.application";
		};
		5A19E87B2D612C9300ED767F /* AlergyScannerTests */ = {
			isa = PBXNativeTarget;
			buildConfigurationList = 5A19E8932D612C9300ED767F /* Build configuration list for PBXNativeTarget "AlergyScannerTests" */;
			buildPhases = (
				5A19E8782D612C9300ED767F /* Sources */,
				5A19E8792D612C9300ED767F /* Frameworks */,
				5A19E87A2D612C9300ED767F /* Resources */,
			);
			buildRules = (
			);
			dependencies = (
				5A19E87E2D612C9300ED767F /* PBXTargetDependency */,
			);
			fileSystemSynchronizedGroups = (
				5A19E87F2D612C9300ED767F /* AlergyScannerTests */,
			);
			name = AlergyScannerTests;
			packageProductDependencies = (
			);
			productName = AlergyScannerTests;
			productReference = 5A19E87C2D612C9300ED767F /* AlergyScannerTests.xctest */;
			productType = "com.apple.product-type.bundle.unit-test";
		};
		5A19E8852D612C9300ED767F /* AlergyScannerUITests */ = {
			isa = PBXNativeTarget;
			buildConfigurationList = 5A19E8962D612C9300ED767F /* Build configuration list for PBXNativeTarget "AlergyScannerUITests" */;
			buildPhases = (
				5A19E8822D612C9300ED767F /* Sources */,
				5A19E8832D612C9300ED767F /* Frameworks */,
				5A19E8842D612C9300ED767F /* Resources */,
			);
			buildRules = (
			);
			dependencies = (
				5A19E8882D612C9300ED767F /* PBXTargetDependency */,
			);
			fileSystemSynchronizedGroups = (
				5A19E8892D612C9300ED767F /* AlergyScannerUITests */,
			);
			name = AlergyScannerUITests;
			packageProductDependencies = (
			);
			productName = AlergyScannerUITests;
			productReference = 5A19E8862D612C9300ED767F /* AlergyScannerUITests.xctest */;
			productType = "com.apple.product-type.bundle.ui-testing";
		};
/* End PBXNativeTarget section */

/* Begin PBXProject section */
		5A19E8642D612C8E00ED767F /* Project object */ = {
			isa = PBXProject;
			attributes = {
				BuildIndependentTargetsInParallel = 1;
				LastSwiftUpdateCheck = 1620;
				LastUpgradeCheck = 1620;
				TargetAttributes = {
					5A19E86B2D612C8E00ED767F = {
						CreatedOnToolsVersion = 16.2;
					};
					5A19E87B2D612C9300ED767F = {
						CreatedOnToolsVersion = 16.2;
						TestTargetID = 5A19E86B2D612C8E00ED767F;
					};
					5A19E8852D612C9300ED767F = {
						CreatedOnToolsVersion = 16.2;
						TestTargetID = 5A19E86B2D612C8E00ED767F;
					};
				};
			};
			buildConfigurationList = 5A19E8672D612C8E00ED767F /* Build configuration list for PBXProject "AlergyScanner" */;
			developmentRegion = en;
			hasScannedForEncodings = 0;
			knownRegions = (
				en,
				Base,
			);
			mainGroup = 5A19E8632D612C8E00ED767F;
			minimizedProjectReferenceProxies = 1;
			preferredProjectObjectVersion = 77;
			productRefGroup = 5A19E86D2D612C8F00ED767F /* Products */;
			projectDirPath = "";
			projectRoot = "";
			targets = (
				5A19E86B2D612C8E00ED767F /* AlergyScanner */,
				5A19E87B2D612C9300ED767F /* AlergyScannerTests */,
				5A19E8852D612C9300ED767F /* AlergyScannerUITests */,
			);
		};
/* End PBXProject section */

/* Begin PBXResourcesBuildPhase section */
		5A19E86A2D612C8E00ED767F /* Resources */ = {
			isa = PBXResourcesBuildPhase;
			buildActionMask = 2147483647;
			files = (
			);
			runOnlyForDeploymentPostprocessing = 0;
		};
		5A19E87A2D612C9300ED767F /* Resources */ = {
			isa = PBXResourcesBuildPhase;
			buildActionMask = 2147483647;
			files = (
			);
			runOnlyForDeploymentPostprocessing = 0;
		};
		5A19E8842D612C9300ED767F /* Resources */ = {
			isa = PBXResourcesBuildPhase;
			buildActionMask = 2147483647;
			files = (
			);
			runOnlyForDeploymentPostprocessing = 0;
		};
/* End PBXResourcesBuildPhase section */

/* Begin PBXSourcesBuildPhase section */
		5A19E8682D612C8E00ED767F /* Sources */ = {
			isa = PBXSourcesBuildPhase;
			buildActionMask = 2147483647;
			files = (
			);
			runOnlyForDeploymentPostprocessing = 0;
		};
		5A19E8782D612C9300ED767F /* Sources */ = {
			isa = PBXSourcesBuildPhase;
			buildActionMask = 2147483647;
			files = (
			);
			runOnlyForDeploymentPostprocessing = 0;
		};
		5A19E8822D612C9300ED767F /* Sources */ = {
			isa = PBXSourcesBuildPhase;
			buildActionMask = 2147483647;
			files = (
			);
			runOnlyForDeploymentPostprocessing = 0;
		};
/* End PBXSourcesBuildPhase section */

/* Begin PBXTargetDependency section */
		5A19E87E2D612C9300ED767F /* PBXTargetDependency */ = {
			isa = PBXTargetDependency;
			target = 5A19E86B2D612C8E00ED767F /* AlergyScanner */;
			targetProxy = 5A19E87D2D612C9300ED767F /* PBXContainerItemProxy */;
		};
		5A19E8882D612C9300ED767F /* PBXTargetDependency */ = {
			isa = PBXTargetDependency;
			target = 5A19E86B2D612C8E00ED767F /* AlergyScanner */;
			targetProxy = 5A19E8872D612C9300ED767F /* PBXContainerItemProxy */;
		};
/* End PBXTargetDependency section */

/* Begin XCBuildConfiguration section */
		5A19E88E2D612C9300ED767F /* Debug */ = {
			isa = XCBuildConfiguration;
			buildSettings = {
				ALWAYS_SEARCH_USER_PATHS = NO;
				ASSETCATALOG_COMPILER_GENERATE_SWIFT_ASSET_SYMBOL_EXTENSIONS = YES;
				CLANG_ANALYZER_NONNULL = YES;
				CLANG_ANALYZER_NUMBER_OBJECT_CONVERSION = YES_AGGRESSIVE;
				CLANG_CXX_LANGUAGE_STANDARD = "gnu++20";
				CLANG_ENABLE_MODULES = YES;
				CLANG_ENABLE_OBJC_ARC = YES;
				CLANG_ENABLE_OBJC_WEAK = YES;
				CLANG_WARN_BLOCK_CAPTURE_AUTORELEASING = YES;
				CLANG_WARN_BOOL_CONVERSION = YES;
				CLANG_WARN_COMMA = YES;
				CLANG_WARN_CONSTANT_CONVERSION = YES;
				CLANG_WARN_DEPRECATED_OBJC_IMPLEMENTATIONS = YES;
				CLANG_WARN_DIRECT_OBJC_ISA_USAGE = YES_ERROR;
				CLANG_WARN_DOCUMENTATION_COMMENTS = YES;
				CLANG_WARN_EMPTY_BODY = YES;
				CLANG_WARN_ENUM_CONVERSION = YES;
				CLANG_WARN_INFINITE_RECURSION = YES;
				CLANG_WARN_INT_CONVERSION = YES;
				CLANG_WARN_NON_LITERAL_NULL_CONVERSION = YES;
				CLANG_WARN_OBJC_IMPLICIT_RETAIN_SELF = YES;
				CLANG_WARN_OBJC_LITERAL_CONVERSION = YES;
				CLANG_WARN_OBJC_ROOT_CLASS = YES_ERROR;
				CLANG_WARN_QUOTED_INCLUDE_IN_FRAMEWORK_HEADER = YES;
				CLANG_WARN_RANGE_LOOP_ANALYSIS = YES;
				CLANG_WARN_STRICT_PROTOTYPES = YES;
				CLANG_WARN_SUSPICIOUS_MOVE = YES;
				CLANG_WARN_UNGUARDED_AVAILABILITY = YES_AGGRESSIVE;
				CLANG_WARN_UNREACHABLE_CODE = YES;
				CLANG_WARN__DUPLICATE_METHOD_MATCH = YES;
				COPY_PHASE_STRIP = NO;
				DEBUG_INFORMATION_FORMAT = dwarf;
				ENABLE_STRICT_OBJC_MSGSEND = YES;
				ENABLE_TESTABILITY = YES;
				ENABLE_USER_SCRIPT_SANDBOXING = YES;
				GCC_C_LANGUAGE_STANDARD = gnu17;
				GCC_DYNAMIC_NO_PIC = NO;
				GCC_NO_COMMON_BLOCKS = YES;
				GCC_OPTIMIZATION_LEVEL = 0;
				GCC_PREPROCESSOR_DEFINITIONS = (
					"DEBUG=1",
					"$(inherited)",
				);
				GCC_WARN_64_TO_32_BIT_CONVERSION = YES;
				GCC_WARN_ABOUT_RETURN_TYPE = YES_ERROR;
				GCC_WARN_UNDECLARED_SELECTOR = YES;
				GCC_WARN_UNINITIALIZED_AUTOS = YES_AGGRESSIVE;
				GCC_WARN_UNUSED_FUNCTION = YES;
				GCC_WARN_UNUSED_VARIABLE = YES;
				IPHONEOS_DEPLOYMENT_TARGET = 18.2;
				LOCALIZATION_PREFERS_STRING_CATALOGS = YES;
				MTL_ENABLE_DEBUG_INFO = INCLUDE_SOURCE;
				MTL_FAST_MATH = YES;
				ONLY_ACTIVE_ARCH = YES;
				SDKROOT = iphoneos;
				SWIFT_ACTIVE_COMPILATION_CONDITIONS = "DEBUG $(inherited)";
				SWIFT_OPTIMIZATION_LEVEL = "-Onone";
			};
			name = Debug;
		};
		5A19E88F2D612C9300ED767F /* Release */ = {
			isa = XCBuildConfiguration;
			buildSettings = {
				ALWAYS_SEARCH_USER_PATHS = NO;
				ASSETCATALOG_COMPILER_GENERATE_SWIFT_ASSET_SYMBOL_EXTENSIONS = YES;
				CLANG_ANALYZER_NONNULL = YES;
				CLANG_ANALYZER_NUMBER_OBJECT_CONVERSION = YES_AGGRESSIVE;
				CLANG_CXX_LANGUAGE_STANDARD = "gnu++20";
				CLANG_ENABLE_MODULES = YES;
				CLANG_ENABLE_OBJC_ARC = YES;
				CLANG_ENABLE_OBJC_WEAK = YES;
				CLANG_WARN_BLOCK_CAPTURE_AUTORELEASING = YES;
				CLANG_WARN_BOOL_CONVERSION = YES;
				CLANG_WARN_COMMA = YES;
				CLANG_WARN_CONSTANT_CONVERSION = YES;
				CLANG_WARN_DEPRECATED_OBJC_IMPLEMENTATIONS = YES;
				CLANG_WARN_DIRECT_OBJC_ISA_USAGE = YES_ERROR;
				CLANG_WARN_DOCUMENTATION_COMMENTS = YES;
				CLANG_WARN_EMPTY_BODY = YES;
				CLANG_WARN_ENUM_CONVERSION = YES;
				CLANG_WARN_INFINITE_RECURSION = YES;
				CLANG_WARN_INT_CONVERSION = YES;
				CLANG_WARN_NON_LITERAL_NULL_CONVERSION = YES;
				CLANG_WARN_OBJC_IMPLICIT_RETAIN_SELF = YES;
				CLANG_WARN_OBJC_LITERAL_CONVERSION = YES;
				CLANG_WARN_OBJC_ROOT_CLASS = YES_ERROR;
				CLANG_WARN_QUOTED_INCLUDE_IN_FRAMEWORK_HEADER = YES;
				CLANG_WARN_RANGE_LOOP_ANALYSIS = YES;
				CLANG_WARN_STRICT_PROTOTYPES = YES;
				CLANG_WARN_SUSPICIOUS_MOVE = YES;
				CLANG_WARN_UNGUARDED_AVAILABILITY = YES_AGGRESSIVE;
				CLANG_WARN_UNREACHABLE_CODE = YES;
				CLANG_WARN__DUPLICATE_METHOD_MATCH = YES;
				COPY_PHASE_STRIP = NO;
				DEBUG_INFORMATION_FORMAT = "dwarf-with-dsym";
				ENABLE_NS_ASSERTIONS = NO;
				ENABLE_STRICT_OBJC_MSGSEND = YES;
				ENABLE_USER_SCRIPT_SANDBOXING = YES;
				GCC_C_LANGUAGE_STANDARD = gnu17;
				GCC_NO_COMMON_BLOCKS = YES;
				GCC_WARN_64_TO_32_BIT_CONVERSION = YES;
				GCC_WARN_ABOUT_RETURN_TYPE = YES_ERROR;
				GCC_WARN_UNDECLARED_SELECTOR = YES;
				GCC_WARN_UNINITIALIZED_AUTOS = YES_AGGRESSIVE;
				GCC_WARN_UNUSED_FUNCTION = YES;
				GCC_WARN_UNUSED_VARIABLE = YES;
				IPHONEOS_DEPLOYMENT_TARGET = 18.2;
				LOCALIZATION_PREFERS_STRING_CATALOGS = YES;
				MTL_ENABLE_DEBUG_INFO = NO;
				MTL_FAST_MATH = YES;
				SDKROOT = iphoneos;
				SWIFT_COMPILATION_MODE = wholemodule;
				VALIDATE_PRODUCT = YES;
			};
			name = Release;
		};
		5A19E8912D612C9300ED767F /* Debug */ = {
			isa = XCBuildConfiguration;
			buildSettings = {
				ASSETCATALOG_COMPILER_APPICON_NAME = AppIcon;
				ASSETCATALOG_COMPILER_GLOBAL_ACCENT_COLOR_NAME = AccentColor;
				CODE_SIGN_STYLE = Automatic;
				CURRENT_PROJECT_VERSION = 1;
				DEVELOPMENT_ASSET_PATHS = "\"AlergyScanner/Preview Content\"";
				DEVELOPMENT_TEAM = VZ9JD9VFPD;
				ENABLE_PREVIEWS = YES;
				GENERATE_INFOPLIST_FILE = YES;
				INFOPLIST_KEY_UIApplicationSceneManifest_Generation = YES;
				INFOPLIST_KEY_UIApplicationSupportsIndirectInputEvents = YES;
				INFOPLIST_KEY_UILaunchScreen_Generation = YES;
				INFOPLIST_KEY_UISupportedInterfaceOrientations_iPad = "UIInterfaceOrientationPortrait UIInterfaceOrientationPortraitUpsideDown UIInterfaceOrientationLandscapeLeft UIInterfaceOrientationLandscapeRight";
				INFOPLIST_KEY_UISupportedInterfaceOrientations_iPhone = "UIInterfaceOrientationPortrait UIInterfaceOrientationLandscapeLeft UIInterfaceOrientationLandscapeRight";
				LD_RUNPATH_SEARCH_PATHS = (
					"$(inherited)",
					"@executable_path/Frameworks",
				);
				MARKETING_VERSION = 1.0;
				PRODUCT_BUNDLE_IDENTIFIER = com.shauli.AlergyScanner;
				PRODUCT_NAME = "$(TARGET_NAME)";
				SWIFT_EMIT_LOC_STRINGS = YES;
				SWIFT_VERSION = 5.0;
				TARGETED_DEVICE_FAMILY = "1,2";
			};
			name = Debug;
		};
		5A19E8922D612C9300ED767F /* Release */ = {
			isa = XCBuildConfiguration;
			buildSettings = {
				ASSETCATALOG_COMPILER_APPICON_NAME = AppIcon;
				ASSETCATALOG_COMPILER_GLOBAL_ACCENT_COLOR_NAME = AccentColor;
				CODE_SIGN_STYLE = Automatic;
				CURRENT_PROJECT_VERSION = 1;
				DEVELOPMENT_ASSET_PATHS = "\"AlergyScanner/Preview Content\"";
				DEVELOPMENT_TEAM = VZ9JD9VFPD;
				ENABLE_PREVIEWS = YES;
				GENERATE_INFOPLIST_FILE = YES;
				INFOPLIST_KEY_UIApplicationSceneManifest_Generation = YES;
				INFOPLIST_KEY_UIApplicationSupportsIndirectInputEvents = YES;
				INFOPLIST_KEY_UILaunchScreen_Generation = YES;
				INFOPLIST_KEY_UISupportedInterfaceOrientations_iPad = "UIInterfaceOrientationPortrait UIInterfaceOrientationPortraitUpsideDown UIInterfaceOrientationLandscapeLeft UIInterfaceOrientationLandscapeRight";
				INFOPLIST_KEY_UISupportedInterfaceOrientations_iPhone = "UIInterfaceOrientationPortrait UIInterfaceOrientationLandscapeLeft UIInterfaceOrientationLandscapeRight";
				LD_RUNPATH_SEARCH_PATHS = (
					"$(inherited)",
					"@executable_path/Frameworks",
				);
				MARKETING_VERSION = 1.0;
				PRODUCT_BUNDLE_IDENTIFIER = com.shauli.AlergyScanner;
				PRODUCT_NAME = "$(TARGET_NAME)";
				SWIFT_EMIT_LOC_STRINGS = YES;
				SWIFT_VERSION = 5.0;
				TARGETED_DEVICE_FAMILY = "1,2";
			};
			name = Release;
		};
		5A19E8942D612C9300ED767F /* Debug */ = {
			isa = XCBuildConfiguration;
			buildSettings = {
				BUNDLE_LOADER = "$(TEST_HOST)";
				CODE_SIGN_STYLE = Automatic;
				CURRENT_PROJECT_VERSION = 1;
				DEVELOPMENT_TEAM = VZ9JD9VFPD;
				GENERATE_INFOPLIST_FILE = YES;
				IPHONEOS_DEPLOYMENT_TARGET = 18.2;
				MARKETING_VERSION = 1.0;
				PRODUCT_BUNDLE_IDENTIFIER = com.shauli.AlergyScannerTests;
				PRODUCT_NAME = "$(TARGET_NAME)";
				SWIFT_EMIT_LOC_STRINGS = NO;
				SWIFT_VERSION = 5.0;
				TARGETED_DEVICE_FAMILY = "1,2";
				TEST_HOST = "$(BUILT_PRODUCTS_DIR)/AlergyScanner.app/$(BUNDLE_EXECUTABLE_FOLDER_PATH)/AlergyScanner";
			};
			name = Debug;
		};
		5A19E8952D612C9300ED767F /* Release */ = {
			isa = XCBuildConfiguration;
			buildSettings = {
				BUNDLE_LOADER = "$(TEST_HOST)";
				CODE_SIGN_STYLE = Automatic;
				CURRENT_PROJECT_VERSION = 1;
				DEVELOPMENT_TEAM = VZ9JD9VFPD;
				GENERATE_INFOPLIST_FILE = YES;
				IPHONEOS_DEPLOYMENT_TARGET = 18.2;
				MARKETING_VERSION = 1.0;
				PRODUCT_BUNDLE_IDENTIFIER = com.shauli.AlergyScannerTests;
				PRODUCT_NAME = "$(TARGET_NAME)";
				SWIFT_EMIT_LOC_STRINGS = NO;
				SWIFT_VERSION = 5.0;
				TARGETED_DEVICE_FAMILY = "1,2";
				TEST_HOST = "$(BUILT_PRODUCTS_DIR)/AlergyScanner.app/$(BUNDLE_EXECUTABLE_FOLDER_PATH)/AlergyScanner";
			};
			name = Release;
		};
		5A19E8972D612C9300ED767F /* Debug */ = {
			isa = XCBuildConfiguration;
			buildSettings = {
				CODE_SIGN_STYLE = Automatic;
				CURRENT_PROJECT_VERSION = 1;
				DEVELOPMENT_TEAM = VZ9JD9VFPD;
				GENERATE_INFOPLIST_FILE = YES;
				MARKETING_VERSION = 1.0;
				PRODUCT_BUNDLE_IDENTIFIER = com.shauli.AlergyScannerUITests;
				PRODUCT_NAME = "$(TARGET_NAME)";
				SWIFT_EMIT_LOC_STRINGS = NO;
				SWIFT_VERSION = 5.0;
				TARGETED_DEVICE_FAMILY = "1,2";
				TEST_TARGET_NAME = AlergyScanner;
			};
			name = Debug;
		};
		5A19E8982D612C9300ED767F /* Release */ = {
			isa = XCBuildConfiguration;
			buildSettings = {
				CODE_SIGN_STYLE = Automatic;
				CURRENT_PROJECT_VERSION = 1;
				DEVELOPMENT_TEAM = VZ9JD9VFPD;
				GENERATE_INFOPLIST_FILE = YES;
				MARKETING_VERSION = 1.0;
				PRODUCT_BUNDLE_IDENTIFIER = com.shauli.AlergyScannerUITests;
				PRODUCT_NAME = "$(TARGET_NAME)";
				SWIFT_EMIT_LOC_STRINGS = NO;
				SWIFT_VERSION = 5.0;
				TARGETED_DEVICE_FAMILY = "1,2";
				TEST_TARGET_NAME = AlergyScanner;
			};
			name = Release;
		};
/* End XCBuildConfiguration section */

/* Begin XCConfigurationList section */
		5A19E8672D612C8E00ED767F /* Build configuration list for PBXProject "AlergyScanner" */ = {
			isa = XCConfigurationList;
			buildConfigurations = (
				5A19E88E2D612C9300ED767F /* Debug */,
				5A19E88F2D612C9300ED767F /* Release */,
			);
			defaultConfigurationIsVisible = 0;
			defaultConfigurationName = Release;
		};
		5A19E8902D612C9300ED767F /* Build configuration list for PBXNativeTarget "AlergyScanner" */ = {
			isa = XCConfigurationList;
			buildConfigurations = (
				5A19E8912D612C9300ED767F /* Debug */,
				5A19E8922D612C9300ED767F /* Release */,
			);
			defaultConfigurationIsVisible = 0;
			defaultConfigurationName = Release;
		};
		5A19E8932D612C9300ED767F /* Build configuration list for PBXNativeTarget "AlergyScannerTests" */ = {
			isa = XCConfigurationList;
			buildConfigurations = (
				5A19E8942D612C9300ED767F /* Debug */,
				5A19E8952D612C9300ED767F /* Release */,
			);
			defaultConfigurationIsVisible = 0;
			defaultConfigurationName = Release;
		};
		5A19E8962D612C9300ED767F /* Build configuration list for PBXNativeTarget "AlergyScannerUITests" */ = {
			isa = XCConfigurationList;
			buildConfigurations = (
				5A19E8972D612C9300ED767F /* Debug */,
				5A19E8982D612C9300ED767F /* Release */,
			);
			defaultConfigurationIsVisible = 0;
			defaultConfigurationName = Release;
		};
/* End XCConfigurationList section */
	};
	rootObject = 5A19E8642D612C8E00ED767F /* Project object */;
}
